
Microsoft Visual Studio Solution File, Format Version 12.00
# Visual Studio Version 17
VisualStudioVersion = 17.9.34723.18
MinimumVisualStudioVersion = 10.0.40219.1
Project("{FAE04EC0-301F-11D3-BF4B-00C04F79EFBC}") = "HRPro", "HRPro\HRPro.csproj", "{FFA554EF-EF2F-4D8C-A726-71D636594947}"
	ProjectSection(ProjectDependencies) = postProject
		{1B62A7FD-C47C-4672-A67A-DDDD749ED899} = {1B62A7FD-C47C-4672-A67A-DDDD749ED899}
		{26E797F7-6409-426B-9A00-A066482DC2A3} = {26E797F7-6409-426B-9A00-A066482DC2A3}
		{2FDF19D9-DE45-4398-8FB8-C5A3F21AE0E0} = {2FDF19D9-DE45-4398-8FB8-C5A3F21AE0E0}
	EndProjectSection
EndProject
Project("{FAE04EC0-301F-11D3-BF4B-00C04F79EFBC}") = "HR.Core", "HR.Core\HR.Core.csproj", "{1B62A7FD-C47C-4672-A67A-DDDD749ED899}"
	ProjectSection(ProjectDependencies) = postProject
		{26E797F7-6409-426B-9A00-A066482DC2A3} = {26E797F7-6409-426B-9A00-A066482DC2A3}
	EndProjectSection
EndProject
Project("{FAE04EC0-301F-11D3-BF4B-00C04F79EFBC}") = "HR.Forms", "HR.Forms\HR.Forms.csproj", "{2FDF19D9-DE45-4398-8FB8-C5A3F21AE0E0}"
	ProjectSection(ProjectDependencies) = postProject
		{1B62A7FD-C47C-4672-A67A-DDDD749ED899} = {1B62A7FD-C47C-4672-A67A-DDDD749ED899}
		{26E797F7-6409-426B-9A00-A066482DC2A3} = {26E797F7-6409-426B-9A00-A066482DC2A3}
	EndProjectSection
EndProject
Project("{FAE04EC0-301F-11D3-BF4B-00C04F79EFBC}") = "AntsResource", "..\antsui\AntsResource\AntsResource.csproj", "{26E797F7-6409-426B-9A00-A066482DC2A3}"
EndProject
Global
	GlobalSection(SolutionConfigurationPlatforms) = preSolution
		Debug|Any CPU = Debug|Any CPU
		Debug|x64 = Debug|x64
		Debug|x86 = Debug|x86
		Release|Any CPU = Release|Any CPU
		Release|x64 = Release|x64
		Release|x86 = Release|x86
		VTK_MAJOR_VERSION_5|Any CPU = VTK_MAJOR_VERSION_5|Any CPU
		VTK_MAJOR_VERSION_5|x64 = VTK_MAJOR_VERSION_5|x64
		VTK_MAJOR_VERSION_5|x86 = VTK_MAJOR_VERSION_5|x86
	EndGlobalSection
	GlobalSection(ProjectConfigurationPlatforms) = postSolution
		{FFA554EF-EF2F-4D8C-A726-71D636594947}.Debug|Any CPU.ActiveCfg = Debug|Any CPU
		{FFA554EF-EF2F-4D8C-A726-71D636594947}.Debug|Any CPU.Build.0 = Debug|Any CPU
		{FFA554EF-EF2F-4D8C-A726-71D636594947}.Debug|x64.ActiveCfg = Debug|Any CPU
		{FFA554EF-EF2F-4D8C-A726-71D636594947}.Debug|x64.Build.0 = Debug|Any CPU
		{FFA554EF-EF2F-4D8C-A726-71D636594947}.Debug|x86.ActiveCfg = Debug|Any CPU
		{FFA554EF-EF2F-4D8C-A726-71D636594947}.Debug|x86.Build.0 = Debug|Any CPU
		{FFA554EF-EF2F-4D8C-A726-71D636594947}.Release|Any CPU.ActiveCfg = Release|Any CPU
		{FFA554EF-EF2F-4D8C-A726-71D636594947}.Release|Any CPU.Build.0 = Release|Any CPU
		{FFA554EF-EF2F-4D8C-A726-71D636594947}.Release|x64.ActiveCfg = Release|Any CPU
		{FFA554EF-EF2F-4D8C-A726-71D636594947}.Release|x64.Build.0 = Release|Any CPU
		{FFA554EF-EF2F-4D8C-A726-71D636594947}.Release|x86.ActiveCfg = Release|Any CPU
		{FFA554EF-EF2F-4D8C-A726-71D636594947}.Release|x86.Build.0 = Release|Any CPU
		{FFA554EF-EF2F-4D8C-A726-71D636594947}.VTK_MAJOR_VERSION_5|Any CPU.ActiveCfg = Release|Any CPU
		{FFA554EF-EF2F-4D8C-A726-71D636594947}.VTK_MAJOR_VERSION_5|Any CPU.Build.0 = Release|Any CPU
		{FFA554EF-EF2F-4D8C-A726-71D636594947}.VTK_MAJOR_VERSION_5|x64.ActiveCfg = Release|Any CPU
		{FFA554EF-EF2F-4D8C-A726-71D636594947}.VTK_MAJOR_VERSION_5|x64.Build.0 = Release|Any CPU
		{FFA554EF-EF2F-4D8C-A726-71D636594947}.VTK_MAJOR_VERSION_5|x86.ActiveCfg = Release|Any CPU
		{FFA554EF-EF2F-4D8C-A726-71D636594947}.VTK_MAJOR_VERSION_5|x86.Build.0 = Release|Any CPU
		{1B62A7FD-C47C-4672-A67A-DDDD749ED899}.Debug|Any CPU.ActiveCfg = Debug|Any CPU
		{1B62A7FD-C47C-4672-A67A-DDDD749ED899}.Debug|Any CPU.Build.0 = Debug|Any CPU
		{1B62A7FD-C47C-4672-A67A-DDDD749ED899}.Debug|x64.ActiveCfg = Debug|Any CPU
		{1B62A7FD-C47C-4672-A67A-DDDD749ED899}.Debug|x64.Build.0 = Debug|Any CPU
		{1B62A7FD-C47C-4672-A67A-DDDD749ED899}.Debug|x86.ActiveCfg = Debug|Any CPU
		{1B62A7FD-C47C-4672-A67A-DDDD749ED899}.Debug|x86.Build.0 = Debug|Any CPU
		{1B62A7FD-C47C-4672-A67A-DDDD749ED899}.Release|Any CPU.ActiveCfg = Release|Any CPU
		{1B62A7FD-C47C-4672-A67A-DDDD749ED899}.Release|Any CPU.Build.0 = Release|Any CPU
		{1B62A7FD-C47C-4672-A67A-DDDD749ED899}.Release|x64.ActiveCfg = Release|Any CPU
		{1B62A7FD-C47C-4672-A67A-DDDD749ED899}.Release|x64.Build.0 = Release|Any CPU
		{1B62A7FD-C47C-4672-A67A-DDDD749ED899}.Release|x86.ActiveCfg = Release|Any CPU
		{1B62A7FD-C47C-4672-A67A-DDDD749ED899}.Release|x86.Build.0 = Release|Any CPU
		{1B62A7FD-C47C-4672-A67A-DDDD749ED899}.VTK_MAJOR_VERSION_5|Any CPU.ActiveCfg = Debug|Any CPU
		{1B62A7FD-C47C-4672-A67A-DDDD749ED899}.VTK_MAJOR_VERSION_5|Any CPU.Build.0 = Debug|Any CPU
		{1B62A7FD-C47C-4672-A67A-DDDD749ED899}.VTK_MAJOR_VERSION_5|x64.ActiveCfg = Debug|Any CPU
		{1B62A7FD-C47C-4672-A67A-DDDD749ED899}.VTK_MAJOR_VERSION_5|x64.Build.0 = Debug|Any CPU
		{1B62A7FD-C47C-4672-A67A-DDDD749ED899}.VTK_MAJOR_VERSION_5|x86.ActiveCfg = Debug|Any CPU
		{1B62A7FD-C47C-4672-A67A-DDDD749ED899}.VTK_MAJOR_VERSION_5|x86.Build.0 = Debug|Any CPU
		{2FDF19D9-DE45-4398-8FB8-C5A3F21AE0E0}.Debug|Any CPU.ActiveCfg = Debug|Any CPU
		{2FDF19D9-DE45-4398-8FB8-C5A3F21AE0E0}.Debug|Any CPU.Build.0 = Debug|Any CPU
		{2FDF19D9-DE45-4398-8FB8-C5A3F21AE0E0}.Debug|x64.ActiveCfg = Debug|Any CPU
		{2FDF19D9-DE45-4398-8FB8-C5A3F21AE0E0}.Debug|x64.Build.0 = Debug|Any CPU
		{2FDF19D9-DE45-4398-8FB8-C5A3F21AE0E0}.Debug|x86.ActiveCfg = Debug|Any CPU
		{2FDF19D9-DE45-4398-8FB8-C5A3F21AE0E0}.Debug|x86.Build.0 = Debug|Any CPU
		{2FDF19D9-DE45-4398-8FB8-C5A3F21AE0E0}.Release|Any CPU.ActiveCfg = Release|Any CPU
		{2FDF19D9-DE45-4398-8FB8-C5A3F21AE0E0}.Release|Any CPU.Build.0 = Release|Any CPU
		{2FDF19D9-DE45-4398-8FB8-C5A3F21AE0E0}.Release|x64.ActiveCfg = Release|Any CPU
		{2FDF19D9-DE45-4398-8FB8-C5A3F21AE0E0}.Release|x64.Build.0 = Release|Any CPU
		{2FDF19D9-DE45-4398-8FB8-C5A3F21AE0E0}.Release|x86.ActiveCfg = Release|Any CPU
		{2FDF19D9-DE45-4398-8FB8-C5A3F21AE0E0}.Release|x86.Build.0 = Release|Any CPU
		{2FDF19D9-DE45-4398-8FB8-C5A3F21AE0E0}.VTK_MAJOR_VERSION_5|Any CPU.ActiveCfg = Debug|Any CPU
		{2FDF19D9-DE45-4398-8FB8-C5A3F21AE0E0}.VTK_MAJOR_VERSION_5|Any CPU.Build.0 = Debug|Any CPU
		{2FDF19D9-DE45-4398-8FB8-C5A3F21AE0E0}.VTK_MAJOR_VERSION_5|x64.ActiveCfg = Debug|Any CPU
		{2FDF19D9-DE45-4398-8FB8-C5A3F21AE0E0}.VTK_MAJOR_VERSION_5|x64.Build.0 = Debug|Any CPU
		{2FDF19D9-DE45-4398-8FB8-C5A3F21AE0E0}.VTK_MAJOR_VERSION_5|x86.ActiveCfg = Debug|Any CPU
		{2FDF19D9-DE45-4398-8FB8-C5A3F21AE0E0}.VTK_MAJOR_VERSION_5|x86.Build.0 = Debug|Any CPU
		{26E797F7-6409-426B-9A00-A066482DC2A3}.Debug|Any CPU.ActiveCfg = Debug|Any CPU
		{26E797F7-6409-426B-9A00-A066482DC2A3}.Debug|Any CPU.Build.0 = Debug|Any CPU
		{26E797F7-6409-426B-9A00-A066482DC2A3}.Debug|x64.ActiveCfg = Debug|x64
		{26E797F7-6409-426B-9A00-A066482DC2A3}.Debug|x64.Build.0 = Debug|x64
		{26E797F7-6409-426B-9A00-A066482DC2A3}.Debug|x86.ActiveCfg = Debug|Any CPU
		{26E797F7-6409-426B-9A00-A066482DC2A3}.Debug|x86.Build.0 = Debug|Any CPU
		{26E797F7-6409-426B-9A00-A066482DC2A3}.Release|Any CPU.ActiveCfg = Release|Any CPU
		{26E797F7-6409-426B-9A00-A066482DC2A3}.Release|Any CPU.Build.0 = Release|Any CPU
		{26E797F7-6409-426B-9A00-A066482DC2A3}.Release|x64.ActiveCfg = Release|x64
		{26E797F7-6409-426B-9A00-A066482DC2A3}.Release|x64.Build.0 = Release|x64
		{26E797F7-6409-426B-9A00-A066482DC2A3}.Release|x86.ActiveCfg = Release|Any CPU
		{26E797F7-6409-426B-9A00-A066482DC2A3}.Release|x86.Build.0 = Release|Any CPU
		{26E797F7-6409-426B-9A00-A066482DC2A3}.VTK_MAJOR_VERSION_5|Any CPU.ActiveCfg = Debug|Any CPU
		{26E797F7-6409-426B-9A00-A066482DC2A3}.VTK_MAJOR_VERSION_5|Any CPU.Build.0 = Debug|Any CPU
		{26E797F7-6409-426B-9A00-A066482DC2A3}.VTK_MAJOR_VERSION_5|x64.ActiveCfg = Debug|x64
		{26E797F7-6409-426B-9A00-A066482DC2A3}.VTK_MAJOR_VERSION_5|x64.Build.0 = Debug|x64
		{26E797F7-6409-426B-9A00-A066482DC2A3}.VTK_MAJOR_VERSION_5|x86.ActiveCfg = Debug|Any CPU
		{26E797F7-6409-426B-9A00-A066482DC2A3}.VTK_MAJOR_VERSION_5|x86.Build.0 = Debug|Any CPU
	EndGlobalSection
	GlobalSection(SolutionProperties) = preSolution
		HideSolutionNode = FALSE
	EndGlobalSection
	GlobalSection(ExtensibilityGlobals) = postSolution
		SolutionGuid = {C0CB0BA8-B538-40F2-8120-A0753524CD66}
	EndGlobalSection
EndGlobal
